
Microsoft Visual Studio Solution File, Format Version 12.00
# Visual Studio Version 16
VisualStudioVersion = 16.0.28803.916
MinimumVisualStudioVersion = 10.0.40219.1
Project("{9A19103F-16F7-4668-BE54-9A1E7A4F7556}") = "TallerMoto", "TallerMoto\TallerMoto.csproj", "{45354885-BE46-4F7A-ACB2-C95229E0351E}"
EndProject
Project("{FAE04EC0-301F-11D3-BF4B-00C04F79EFBC}") = "TallerMoto.App.Persistencia", "TallerMoto.App.Persistencia\TallerMoto.App.Persistencia.csproj", "{67D95DD5-F076-4622-8A33-34BBA5558FDC}"
EndProject
Project("{FAE04EC0-301F-11D3-BF4B-00C04F79EFBC}") = "TallerMoto.App.Dominio", "TallerMoto.App.Dominio\TallerMoto.App.Dominio.csproj", "{FA1A6749-95B9-4851-8274-55DA3D28C573}"
EndProject
Project("{FAE04EC0-301F-11D3-BF4B-00C04F79EFBC}") = "TallerMoto.ConsolaA", "TallerMoto.ConsolaA\TallerMoto.ConsolaA.csproj", "{D3F62A18-0473-4C4E-9B43-E7930D9BC02B}"
EndProject
Global
	GlobalSection(SolutionConfigurationPlatforms) = preSolution
		Debug|Any CPU = Debug|Any CPU
		Release|Any CPU = Release|Any CPU
	EndGlobalSection
	GlobalSection(ProjectConfigurationPlatforms) = postSolution
		{45354885-BE46-4F7A-ACB2-C95229E0351E}.Debug|Any CPU.ActiveCfg = Debug|Any CPU
		{45354885-BE46-4F7A-ACB2-C95229E0351E}.Debug|Any CPU.Build.0 = Debug|Any CPU
		{45354885-BE46-4F7A-ACB2-C95229E0351E}.Release|Any CPU.ActiveCfg = Release|Any CPU
		{45354885-BE46-4F7A-ACB2-C95229E0351E}.Release|Any CPU.Build.0 = Release|Any CPU
		{67D95DD5-F076-4622-8A33-34BBA5558FDC}.Debug|Any CPU.ActiveCfg = Debug|Any CPU
		{67D95DD5-F076-4622-8A33-34BBA5558FDC}.Debug|Any CPU.Build.0 = Debug|Any CPU
		{67D95DD5-F076-4622-8A33-34BBA5558FDC}.Release|Any CPU.ActiveCfg = Release|Any CPU
		{67D95DD5-F076-4622-8A33-34BBA5558FDC}.Release|Any CPU.Build.0 = Release|Any CPU
		{FA1A6749-95B9-4851-8274-55DA3D28C573}.Debug|Any CPU.ActiveCfg = Debug|Any CPU
		{FA1A6749-95B9-4851-8274-55DA3D28C573}.Debug|Any CPU.Build.0 = Debug|Any CPU
		{FA1A6749-95B9-4851-8274-55DA3D28C573}.Release|Any CPU.ActiveCfg = Release|Any CPU
		{FA1A6749-95B9-4851-8274-55DA3D28C573}.Release|Any CPU.Build.0 = Release|Any CPU
		{D3F62A18-0473-4C4E-9B43-E7930D9BC02B}.Debug|Any CPU.ActiveCfg = Debug|Any CPU
		{D3F62A18-0473-4C4E-9B43-E7930D9BC02B}.Debug|Any CPU.Build.0 = Debug|Any CPU
		{D3F62A18-0473-4C4E-9B43-E7930D9BC02B}.Release|Any CPU.ActiveCfg = Release|Any CPU
		{D3F62A18-0473-4C4E-9B43-E7930D9BC02B}.Release|Any CPU.Build.0 = Release|Any CPU
	EndGlobalSection
	GlobalSection(SolutionProperties) = preSolution
		HideSolutionNode = FALSE
	EndGlobalSection
	GlobalSection(ExtensibilityGlobals) = postSolution
		SolutionGuid = {E58EE505-0626-4D72-87CC-829DF46A5D4F}
	EndGlobalSection
EndGlobal
